
Microsoft Visual Studio Solution File, Format Version 12.00
# Visual Studio Version 16
VisualStudioVersion = 16.0.32106.194
MinimumVisualStudioVersion = 10.0.40219.1
Project("{FAE04EC0-301F-11D3-BF4B-00C04F79EFBC}") = "Geometrie", "Geometrie\Geometrie.csproj", "{5BA545DA-43BE-41FA-B239-E1C32664B49C}"
EndProject
Global
	GlobalSection(SolutionConfigurationPlatforms) = preSolution
		Debug|Any CPU = Debug|Any CPU
		Release|Any CPU = Release|Any CPU
	EndGlobalSection
	GlobalSection(ProjectConfigurationPlatforms) = postSolution
		{5BA545DA-43BE-41FA-B239-E1C32664B49C}.Debug|Any CPU.ActiveCfg = Debug|Any CPU
		{5BA545DA-43BE-41FA-B239-E1C32664B49C}.Debug|Any CPU.Build.0 = Debug|Any CPU
		{5BA545DA-43BE-41FA-B239-E1C32664B49C}.Release|Any CPU.ActiveCfg = Release|Any CPU
		{5BA545DA-43BE-41FA-B239-E1C32664B49C}.Release|Any CPU.Build.0 = Release|Any CPU
	EndGlobalSection
	GlobalSection(SolutionProperties) = preSolution
		HideSolutionNode = FALSE
	EndGlobalSection
	GlobalSection(ExtensibilityGlobals) = postSolution
		SolutionGuid = {755E9C44-8AFF-48A7-8993-F8964995D262}
	EndGlobalSection
EndGlobal
